// !$*UTF8*$!
{
	archiveVersion = 1;
	classes = {
	};
	objectVersion = 55;
	objects = {

/* Begin PBXBuildFile section */
		F56E9C882891B40D00DA164D /* WeatherService.swift in Sources */ = {isa = PBXBuildFile; fileRef = F56E9C872891B40D00DA164D /* WeatherService.swift */; };
		F56E9C8F2891B78C00DA164D /* Constants.swift in Sources */ = {isa = PBXBuildFile; fileRef = F56E9C8E2891B78C00DA164D /* Constants.swift */; };
		F56E9C912891B98700DA164D /* NetworkManager.swift in Sources */ = {isa = PBXBuildFile; fileRef = F56E9C902891B98700DA164D /* NetworkManager.swift */; };
		F56E9C942891BE2200DA164D /* WeatherData.swift in Sources */ = {isa = PBXBuildFile; fileRef = F56E9C932891BE2200DA164D /* WeatherData.swift */; };
		F56E9C962891BE7700DA164D /* WeatherCurrent.swift in Sources */ = {isa = PBXBuildFile; fileRef = F56E9C952891BE7700DA164D /* WeatherCurrent.swift */; };
		F56E9C982891BE8500DA164D /* WeatherDescriptor.swift in Sources */ = {isa = PBXBuildFile; fileRef = F56E9C972891BE8500DA164D /* WeatherDescriptor.swift */; };
		F56E9C9A2891C0EC00DA164D /* WeatherDaily.swift in Sources */ = {isa = PBXBuildFile; fileRef = F56E9C992891C0EC00DA164D /* WeatherDaily.swift */; };
		F56E9C9C2891C1F000DA164D /* Temperature.swift in Sources */ = {isa = PBXBuildFile; fileRef = F56E9C9B2891C1F000DA164D /* Temperature.swift */; };
		F58249C92891B13A004F851D /* WeatherService.docc in Sources */ = {isa = PBXBuildFile; fileRef = F58249C82891B13A004F851D /* WeatherService.docc */; };
		F58249CF2891B13A004F851D /* WeatherService.framework in Frameworks */ = {isa = PBXBuildFile; fileRef = F58249C42891B13A004F851D /* WeatherService.framework */; };
		F58249D42891B13A004F851D /* WeatherServiceTests.swift in Sources */ = {isa = PBXBuildFile; fileRef = F58249D32891B13A004F851D /* WeatherServiceTests.swift */; };
		F58249D52891B13A004F851D /* WeatherService.h in Headers */ = {isa = PBXBuildFile; fileRef = F58249C72891B13A004F851D /* WeatherService.h */; settings = {ATTRIBUTES = (Public, ); }; };
		F5C4216928931C4C00B36BF7 /* RequestBuilder.swift in Sources */ = {isa = PBXBuildFile; fileRef = F5C4216828931C4C00B36BF7 /* RequestBuilder.swift */; };
/* End PBXBuildFile section */

/* Begin PBXContainerItemProxy section */
		F58249D02891B13A004F851D /* PBXContainerItemProxy */ = {
			isa = PBXContainerItemProxy;
			containerPortal = F58249BB2891B13A004F851D /* Project object */;
			proxyType = 1;
			remoteGlobalIDString = F58249C32891B13A004F851D;
			remoteInfo = WeatherService;
		};
/* End PBXContainerItemProxy section */

/* Begin PBXFileReference section */
		F56E9C872891B40D00DA164D /* WeatherService.swift */ = {isa = PBXFileReference; lastKnownFileType = sourcecode.swift; path = WeatherService.swift; sourceTree = "<group>"; };
		F56E9C8E2891B78C00DA164D /* Constants.swift */ = {isa = PBXFileReference; lastKnownFileType = sourcecode.swift; path = Constants.swift; sourceTree = "<group>"; };
		F56E9C902891B98700DA164D /* NetworkManager.swift */ = {isa = PBXFileReference; lastKnownFileType = sourcecode.swift; path = NetworkManager.swift; sourceTree = "<group>"; };
		F56E9C932891BE2200DA164D /* WeatherData.swift */ = {isa = PBXFileReference; lastKnownFileType = sourcecode.swift; path = WeatherData.swift; sourceTree = "<group>"; };
		F56E9C952891BE7700DA164D /* WeatherCurrent.swift */ = {isa = PBXFileReference; lastKnownFileType = sourcecode.swift; path = WeatherCurrent.swift; sourceTree = "<group>"; };
		F56E9C972891BE8500DA164D /* WeatherDescriptor.swift */ = {isa = PBXFileReference; lastKnownFileType = sourcecode.swift; path = WeatherDescriptor.swift; sourceTree = "<group>"; };
		F56E9C992891C0EC00DA164D /* WeatherDaily.swift */ = {isa = PBXFileReference; lastKnownFileType = sourcecode.swift; path = WeatherDaily.swift; sourceTree = "<group>"; };
		F56E9C9B2891C1F000DA164D /* Temperature.swift */ = {isa = PBXFileReference; lastKnownFileType = sourcecode.swift; path = Temperature.swift; sourceTree = "<group>"; };
		F58249C42891B13A004F851D /* WeatherService.framework */ = {isa = PBXFileReference; explicitFileType = wrapper.framework; includeInIndex = 0; path = WeatherService.framework; sourceTree = BUILT_PRODUCTS_DIR; };
		F58249C72891B13A004F851D /* WeatherService.h */ = {isa = PBXFileReference; lastKnownFileType = sourcecode.c.h; path = WeatherService.h; sourceTree = "<group>"; };
		F58249C82891B13A004F851D /* WeatherService.docc */ = {isa = PBXFileReference; lastKnownFileType = folder.documentationcatalog; path = WeatherService.docc; sourceTree = "<group>"; };
		F58249CE2891B13A004F851D /* WeatherServiceTests.xctest */ = {isa = PBXFileReference; explicitFileType = wrapper.cfbundle; includeInIndex = 0; path = WeatherServiceTests.xctest; sourceTree = BUILT_PRODUCTS_DIR; };
		F58249D32891B13A004F851D /* WeatherServiceTests.swift */ = {isa = PBXFileReference; lastKnownFileType = sourcecode.swift; path = WeatherServiceTests.swift; sourceTree = "<group>"; };
		F5C4216828931C4C00B36BF7 /* RequestBuilder.swift */ = {isa = PBXFileReference; lastKnownFileType = sourcecode.swift; path = RequestBuilder.swift; sourceTree = "<group>"; };
/* End PBXFileReference section */

/* Begin PBXFrameworksBuildPhase section */
		F58249C12891B13A004F851D /* Frameworks */ = {
			isa = PBXFrameworksBuildPhase;
			buildActionMask = 2147483647;
			files = (
			);
			runOnlyForDeploymentPostprocessing = 0;
		};
		F58249CB2891B13A004F851D /* Frameworks */ = {
			isa = PBXFrameworksBuildPhase;
			buildActionMask = 2147483647;
			files = (
				F58249CF2891B13A004F851D /* WeatherService.framework in Frameworks */,
			);
			runOnlyForDeploymentPostprocessing = 0;
		};
/* End PBXFrameworksBuildPhase section */

/* Begin PBXGroup section */
		F56E9C922891BE0F00DA164D /* Models */ = {
			isa = PBXGroup;
			children = (
				F56E9C932891BE2200DA164D /* WeatherData.swift */,
				F56E9C952891BE7700DA164D /* WeatherCurrent.swift */,
				F56E9C972891BE8500DA164D /* WeatherDescriptor.swift */,
				F56E9C992891C0EC00DA164D /* WeatherDaily.swift */,
				F56E9C9B2891C1F000DA164D /* Temperature.swift */,
			);
			path = Models;
			sourceTree = "<group>";
		};
		F58249BA2891B13A004F851D = {
			isa = PBXGroup;
			children = (
				F58249C62891B13A004F851D /* WeatherService */,
				F58249D22891B13A004F851D /* WeatherServiceTests */,
				F58249C52891B13A004F851D /* Products */,
			);
			sourceTree = "<group>";
		};
		F58249C52891B13A004F851D /* Products */ = {
			isa = PBXGroup;
			children = (
				F58249C42891B13A004F851D /* WeatherService.framework */,
				F58249CE2891B13A004F851D /* WeatherServiceTests.xctest */,
			);
			name = Products;
			sourceTree = "<group>";
		};
		F58249C62891B13A004F851D /* WeatherService */ = {
			isa = PBXGroup;
			children = (
				F56E9C872891B40D00DA164D /* WeatherService.swift */,
				F5C421592892F6F900B36BF7 /* Networking */,
				F56E9C922891BE0F00DA164D /* Models */,
				F58249C72891B13A004F851D /* WeatherService.h */,
				F58249C82891B13A004F851D /* WeatherService.docc */,
				F56E9C8E2891B78C00DA164D /* Constants.swift */,
			);
			path = WeatherService;
			sourceTree = "<group>";
		};
		F58249D22891B13A004F851D /* WeatherServiceTests */ = {
			isa = PBXGroup;
			children = (
				F58249D32891B13A004F851D /* WeatherServiceTests.swift */,
			);
			path = WeatherServiceTests;
			sourceTree = "<group>";
		};
		F5C421592892F6F900B36BF7 /* Networking */ = {
			isa = PBXGroup;
			children = (
				F56E9C902891B98700DA164D /* NetworkManager.swift */,
				F5C4216828931C4C00B36BF7 /* RequestBuilder.swift */,
			);
			path = Networking;
			sourceTree = "<group>";
		};
/* End PBXGroup section */

/* Begin PBXHeadersBuildPhase section */
		F58249BF2891B13A004F851D /* Headers */ = {
			isa = PBXHeadersBuildPhase;
			buildActionMask = 2147483647;
			files = (
				F58249D52891B13A004F851D /* WeatherService.h in Headers */,
			);
			runOnlyForDeploymentPostprocessing = 0;
		};
/* End PBXHeadersBuildPhase section */

/* Begin PBXNativeTarget section */
		F58249C32891B13A004F851D /* WeatherService */ = {
			isa = PBXNativeTarget;
			buildConfigurationList = F58249D82891B13A004F851D /* Build configuration list for PBXNativeTarget "WeatherService" */;
			buildPhases = (
				F58249BF2891B13A004F851D /* Headers */,
				F58249C02891B13A004F851D /* Sources */,
				F58249C12891B13A004F851D /* Frameworks */,
				F58249C22891B13A004F851D /* Resources */,
			);
			buildRules = (
			);
			dependencies = (
			);
			name = WeatherService;
			productName = WeatherService;
			productReference = F58249C42891B13A004F851D /* WeatherService.framework */;
			productType = "com.apple.product-type.framework";
		};
		F58249CD2891B13A004F851D /* WeatherServiceTests */ = {
			isa = PBXNativeTarget;
			buildConfigurationList = F58249DB2891B13A004F851D /* Build configuration list for PBXNativeTarget "WeatherServiceTests" */;
			buildPhases = (
				F58249CA2891B13A004F851D /* Sources */,
				F58249CB2891B13A004F851D /* Frameworks */,
				F58249CC2891B13A004F851D /* Resources */,
			);
			buildRules = (
			);
			dependencies = (
				F58249D12891B13A004F851D /* PBXTargetDependency */,
			);
			name = WeatherServiceTests;
			productName = WeatherServiceTests;
			productReference = F58249CE2891B13A004F851D /* WeatherServiceTests.xctest */;
			productType = "com.apple.product-type.bundle.unit-test";
		};
/* End PBXNativeTarget section */

/* Begin PBXProject section */
		F58249BB2891B13A004F851D /* Project object */ = {
			isa = PBXProject;
			attributes = {
				BuildIndependentTargetsInParallel = 1;
				LastSwiftUpdateCheck = 1340;
				LastUpgradeCheck = 1340;
				TargetAttributes = {
					F58249C32891B13A004F851D = {
						CreatedOnToolsVersion = 13.4.1;
					};
					F58249CD2891B13A004F851D = {
						CreatedOnToolsVersion = 13.4.1;
					};
				};
			};
			buildConfigurationList = F58249BE2891B13A004F851D /* Build configuration list for PBXProject "WeatherService" */;
			compatibilityVersion = "Xcode 13.0";
			developmentRegion = en;
			hasScannedForEncodings = 0;
			knownRegions = (
				en,
				Base,
			);
			mainGroup = F58249BA2891B13A004F851D;
			productRefGroup = F58249C52891B13A004F851D /* Products */;
			projectDirPath = "";
			projectRoot = "";
			targets = (
				F58249C32891B13A004F851D /* WeatherService */,
				F58249CD2891B13A004F851D /* WeatherServiceTests */,
			);
		};
/* End PBXProject section */

/* Begin PBXResourcesBuildPhase section */
		F58249C22891B13A004F851D /* Resources */ = {
			isa = PBXResourcesBuildPhase;
			buildActionMask = 2147483647;
			files = (
			);
			runOnlyForDeploymentPostprocessing = 0;
		};
		F58249CC2891B13A004F851D /* Resources */ = {
			isa = PBXResourcesBuildPhase;
			buildActionMask = 2147483647;
			files = (
			);
			runOnlyForDeploymentPostprocessing = 0;
		};
/* End PBXResourcesBuildPhase section */

/* Begin PBXSourcesBuildPhase section */
		F58249C02891B13A004F851D /* Sources */ = {
			isa = PBXSourcesBuildPhase;
			buildActionMask = 2147483647;
			files = (
				F56E9C9A2891C0EC00DA164D /* WeatherDaily.swift in Sources */,
				F56E9C912891B98700DA164D /* NetworkManager.swift in Sources */,
				F56E9C9C2891C1F000DA164D /* Temperature.swift in Sources */,
				F56E9C942891BE2200DA164D /* WeatherData.swift in Sources */,
				F56E9C882891B40D00DA164D /* WeatherService.swift in Sources */,
				F5C4216928931C4C00B36BF7 /* RequestBuilder.swift in Sources */,
				F56E9C982891BE8500DA164D /* WeatherDescriptor.swift in Sources */,
				F58249C92891B13A004F851D /* WeatherService.docc in Sources */,
				F56E9C8F2891B78C00DA164D /* Constants.swift in Sources */,
				F56E9C962891BE7700DA164D /* WeatherCurrent.swift in Sources */,
			);
			runOnlyForDeploymentPostprocessing = 0;
		};
		F58249CA2891B13A004F851D /* Sources */ = {
			isa = PBXSourcesBuildPhase;
			buildActionMask = 2147483647;
			files = (
				F58249D42891B13A004F851D /* WeatherServiceTests.swift in Sources */,
			);
			runOnlyForDeploymentPostprocessing = 0;
		};
/* End PBXSourcesBuildPhase section */

/* Begin PBXTargetDependency section */
		F58249D12891B13A004F851D /* PBXTargetDependency */ = {
			isa = PBXTargetDependency;
			target = F58249C32891B13A004F851D /* WeatherService */;
			targetProxy = F58249D02891B13A004F851D /* PBXContainerItemProxy */;
		};
/* End PBXTargetDependency section */

/* Begin XCBuildConfiguration section */
		F58249D62891B13A004F851D /* Debug */ = {
			isa = XCBuildConfiguration;
			buildSettings = {
				ALWAYS_SEARCH_USER_PATHS = NO;
				CLANG_ANALYZER_NONNULL = YES;
				CLANG_ANALYZER_NUMBER_OBJECT_CONVERSION = YES_AGGRESSIVE;
				CLANG_CXX_LANGUAGE_STANDARD = "gnu++17";
				CLANG_ENABLE_MODULES = YES;
				CLANG_ENABLE_OBJC_ARC = YES;
				CLANG_ENABLE_OBJC_WEAK = YES;
				CLANG_WARN_BLOCK_CAPTURE_AUTORELEASING = YES;
				CLANG_WARN_BOOL_CONVERSION = YES;
				CLANG_WARN_COMMA = YES;
				CLANG_WARN_CONSTANT_CONVERSION = YES;
				CLANG_WARN_DEPRECATED_OBJC_IMPLEMENTATIONS = YES;
				CLANG_WARN_DIRECT_OBJC_ISA_USAGE = YES_ERROR;
				CLANG_WARN_DOCUMENTATION_COMMENTS = YES;
				CLANG_WARN_EMPTY_BODY = YES;
				CLANG_WARN_ENUM_CONVERSION = YES;
				CLANG_WARN_INFINITE_RECURSION = YES;
				CLANG_WARN_INT_CONVERSION = YES;
				CLANG_WARN_NON_LITERAL_NULL_CONVERSION = YES;
				CLANG_WARN_OBJC_IMPLICIT_RETAIN_SELF = YES;
				CLANG_WARN_OBJC_LITERAL_CONVERSION = YES;
				CLANG_WARN_OBJC_ROOT_CLASS = YES_ERROR;
				CLANG_WARN_QUOTED_INCLUDE_IN_FRAMEWORK_HEADER = YES;
				CLANG_WARN_RANGE_LOOP_ANALYSIS = YES;
				CLANG_WARN_STRICT_PROTOTYPES = YES;
				CLANG_WARN_SUSPICIOUS_MOVE = YES;
				CLANG_WARN_UNGUARDED_AVAILABILITY = YES_AGGRESSIVE;
				CLANG_WARN_UNREACHABLE_CODE = YES;
				CLANG_WARN__DUPLICATE_METHOD_MATCH = YES;
				COPY_PHASE_STRIP = NO;
				CURRENT_PROJECT_VERSION = 1;
				DEBUG_INFORMATION_FORMAT = dwarf;
				ENABLE_STRICT_OBJC_MSGSEND = YES;
				ENABLE_TESTABILITY = YES;
				GCC_C_LANGUAGE_STANDARD = gnu11;
				GCC_DYNAMIC_NO_PIC = NO;
				GCC_NO_COMMON_BLOCKS = YES;
				GCC_OPTIMIZATION_LEVEL = 0;
				GCC_PREPROCESSOR_DEFINITIONS = (
					"DEBUG=1",
					"$(inherited)",
				);
				GCC_WARN_64_TO_32_BIT_CONVERSION = YES;
				GCC_WARN_ABOUT_RETURN_TYPE = YES_ERROR;
				GCC_WARN_UNDECLARED_SELECTOR = YES;
				GCC_WARN_UNINITIALIZED_AUTOS = YES_AGGRESSIVE;
				GCC_WARN_UNUSED_FUNCTION = YES;
				GCC_WARN_UNUSED_VARIABLE = YES;
				IPHONEOS_DEPLOYMENT_TARGET = 15.5;
				MTL_ENABLE_DEBUG_INFO = INCLUDE_SOURCE;
				MTL_FAST_MATH = YES;
				ONLY_ACTIVE_ARCH = YES;
				SDKROOT = iphoneos;
				SWIFT_ACTIVE_COMPILATION_CONDITIONS = DEBUG;
				SWIFT_OPTIMIZATION_LEVEL = "-Onone";
				VERSIONING_SYSTEM = "apple-generic";
				VERSION_INFO_PREFIX = "";
			};
			name = Debug;
		};
		F58249D72891B13A004F851D /* Release */ = {
			isa = XCBuildConfiguration;
			buildSettings = {
				ALWAYS_SEARCH_USER_PATHS = NO;
				CLANG_ANALYZER_NONNULL = YES;
				CLANG_ANALYZER_NUMBER_OBJECT_CONVERSION = YES_AGGRESSIVE;
				CLANG_CXX_LANGUAGE_STANDARD = "gnu++17";
				CLANG_ENABLE_MODULES = YES;
				CLANG_ENABLE_OBJC_ARC = YES;
				CLANG_ENABLE_OBJC_WEAK = YES;
				CLANG_WARN_BLOCK_CAPTURE_AUTORELEASING = YES;
				CLANG_WARN_BOOL_CONVERSION = YES;
				CLANG_WARN_COMMA = YES;
				CLANG_WARN_CONSTANT_CONVERSION = YES;
				CLANG_WARN_DEPRECATED_OBJC_IMPLEMENTATIONS = YES;
				CLANG_WARN_DIRECT_OBJC_ISA_USAGE = YES_ERROR;
				CLANG_WARN_DOCUMENTATION_COMMENTS = YES;
				CLANG_WARN_EMPTY_BODY = YES;
				CLANG_WARN_ENUM_CONVERSION = YES;
				CLANG_WARN_INFINITE_RECURSION = YES;
				CLANG_WARN_INT_CONVERSION = YES;
				CLANG_WARN_NON_LITERAL_NULL_CONVERSION = YES;
				CLANG_WARN_OBJC_IMPLICIT_RETAIN_SELF = YES;
				CLANG_WARN_OBJC_LITERAL_CONVERSION = YES;
				CLANG_WARN_OBJC_ROOT_CLASS = YES_ERROR;
				CLANG_WARN_QUOTED_INCLUDE_IN_FRAMEWORK_HEADER = YES;
				CLANG_WARN_RANGE_LOOP_ANALYSIS = YES;
				CLANG_WARN_STRICT_PROTOTYPES = YES;
				CLANG_WARN_SUSPICIOUS_MOVE = YES;
				CLANG_WARN_UNGUARDED_AVAILABILITY = YES_AGGRESSIVE;
				CLANG_WARN_UNREACHABLE_CODE = YES;
				CLANG_WARN__DUPLICATE_METHOD_MATCH = YES;
				COPY_PHASE_STRIP = NO;
				CURRENT_PROJECT_VERSION = 1;
				DEBUG_INFORMATION_FORMAT = "dwarf-with-dsym";
				ENABLE_NS_ASSERTIONS = NO;
				ENABLE_STRICT_OBJC_MSGSEND = YES;
				GCC_C_LANGUAGE_STANDARD = gnu11;
				GCC_NO_COMMON_BLOCKS = YES;
				GCC_WARN_64_TO_32_BIT_CONVERSION = YES;
				GCC_WARN_ABOUT_RETURN_TYPE = YES_ERROR;
				GCC_WARN_UNDECLARED_SELECTOR = YES;
				GCC_WARN_UNINITIALIZED_AUTOS = YES_AGGRESSIVE;
				GCC_WARN_UNUSED_FUNCTION = YES;
				GCC_WARN_UNUSED_VARIABLE = YES;
				IPHONEOS_DEPLOYMENT_TARGET = 15.5;
				MTL_ENABLE_DEBUG_INFO = NO;
				MTL_FAST_MATH = YES;
				SDKROOT = iphoneos;
				SWIFT_COMPILATION_MODE = wholemodule;
				SWIFT_OPTIMIZATION_LEVEL = "-O";
				VALIDATE_PRODUCT = YES;
				VERSIONING_SYSTEM = "apple-generic";
				VERSION_INFO_PREFIX = "";
			};
			name = Release;
		};
		F58249D92891B13A004F851D /* Debug */ = {
			isa = XCBuildConfiguration;
			buildSettings = {
				CODE_SIGN_STYLE = Automatic;
				CURRENT_PROJECT_VERSION = 1;
				DEFINES_MODULE = YES;
				DEVELOPMENT_TEAM = LATFQ2CT64;
				DYLIB_COMPATIBILITY_VERSION = 1;
				DYLIB_CURRENT_VERSION = 1;
				DYLIB_INSTALL_NAME_BASE = "@rpath";
				GENERATE_INFOPLIST_FILE = YES;
				INFOPLIST_KEY_NSHumanReadableCopyright = "";
				INSTALL_PATH = "$(LOCAL_LIBRARY_DIR)/Frameworks";
				LD_RUNPATH_SEARCH_PATHS = (
					"$(inherited)",
					"@executable_path/Frameworks",
					"@loader_path/Frameworks",
				);
				MARKETING_VERSION = 1.0;
				PRODUCT_BUNDLE_IDENTIFIER = com.tarek.WeatherService;
				PRODUCT_NAME = "$(TARGET_NAME:c99extidentifier)";
				SKIP_INSTALL = YES;
				SWIFT_EMIT_LOC_STRINGS = YES;
				SWIFT_VERSION = 5.0;
				TARGETED_DEVICE_FAMILY = "1,2";
			};
			name = Debug;
		};
		F58249DA2891B13A004F851D /* Release */ = {
			isa = XCBuildConfiguration;
			buildSettings = {
				CODE_SIGN_STYLE = Automatic;
				CURRENT_PROJECT_VERSION = 1;
				DEFINES_MODULE = YES;
				DEVELOPMENT_TEAM = LATFQ2CT64;
				DYLIB_COMPATIBILITY_VERSION = 1;
				DYLIB_CURRENT_VERSION = 1;
				DYLIB_INSTALL_NAME_BASE = "@rpath";
				GENERATE_INFOPLIST_FILE = YES;
				INFOPLIST_KEY_NSHumanReadableCopyright = "";
				INSTALL_PATH = "$(LOCAL_LIBRARY_DIR)/Frameworks";
				LD_RUNPATH_SEARCH_PATHS = (
					"$(inherited)",
					"@executable_path/Frameworks",
					"@loader_path/Frameworks",
				);
				MARKETING_VERSION = 1.0;
				PRODUCT_BUNDLE_IDENTIFIER = com.tarek.WeatherService;
				PRODUCT_NAME = "$(TARGET_NAME:c99extidentifier)";
				SKIP_INSTALL = YES;
				SWIFT_EMIT_LOC_STRINGS = YES;
				SWIFT_VERSION = 5.0;
				TARGETED_DEVICE_FAMILY = "1,2";
			};
			name = Release;
		};
		F58249DC2891B13A004F851D /* Debug */ = {
			isa = XCBuildConfiguration;
			buildSettings = {
				ALWAYS_EMBED_SWIFT_STANDARD_LIBRARIES = YES;
				CODE_SIGN_STYLE = Automatic;
				CURRENT_PROJECT_VERSION = 1;
				DEVELOPMENT_TEAM = LATFQ2CT64;
				GENERATE_INFOPLIST_FILE = YES;
				MARKETING_VERSION = 1.0;
				PRODUCT_BUNDLE_IDENTIFIER = com.tarek.WeatherServiceTests;
				PRODUCT_NAME = "$(TARGET_NAME)";
				SWIFT_EMIT_LOC_STRINGS = NO;
				SWIFT_VERSION = 5.0;
				TARGETED_DEVICE_FAMILY = "1,2";
			};
			name = Debug;
		};
		F58249DD2891B13A004F851D /* Release */ = {
			isa = XCBuildConfiguration;
			buildSettings = {
				ALWAYS_EMBED_SWIFT_STANDARD_LIBRARIES = YES;
				CODE_SIGN_STYLE = Automatic;
				CURRENT_PROJECT_VERSION = 1;
				DEVELOPMENT_TEAM = LATFQ2CT64;
				GENERATE_INFOPLIST_FILE = YES;
				MARKETING_VERSION = 1.0;
				PRODUCT_BUNDLE_IDENTIFIER = com.tarek.WeatherServiceTests;
				PRODUCT_NAME = "$(TARGET_NAME)";
				SWIFT_EMIT_LOC_STRINGS = NO;
				SWIFT_VERSION = 5.0;
				TARGETED_DEVICE_FAMILY = "1,2";
			};
			name = Release;
		};
/* End XCBuildConfiguration section */

/* Begin XCConfigurationList section */
		F58249BE2891B13A004F851D /* Build configuration list for PBXProject "WeatherService" */ = {
			isa = XCConfigurationList;
			buildConfigurations = (
				F58249D62891B13A004F851D /* Debug */,
				F58249D72891B13A004F851D /* Release */,
			);
			defaultConfigurationIsVisible = 0;
			defaultConfigurationName = Release;
		};
		F58249D82891B13A004F851D /* Build configuration list for PBXNativeTarget "WeatherService" */ = {
			isa = XCConfigurationList;
			buildConfigurations = (
				F58249D92891B13A004F851D /* Debug */,
				F58249DA2891B13A004F851D /* Release */,
			);
			defaultConfigurationIsVisible = 0;
			defaultConfigurationName = Release;
		};
		F58249DB2891B13A004F851D /* Build configuration list for PBXNativeTarget "WeatherServiceTests" */ = {
			isa = XCConfigurationList;
			buildConfigurations = (
				F58249DC2891B13A004F851D /* Debug */,
				F58249DD2891B13A004F851D /* Release */,
			);
			defaultConfigurationIsVisible = 0;
			defaultConfigurationName = Release;
		};
/* End XCConfigurationList section */
	};
	rootObject = F58249BB2891B13A004F851D /* Project object */;
}
