// !$*UTF8*$!
{
	archiveVersion = 1;
	classes = {
	};
	objectVersion = 55;
	objects = {

/* Begin PBXBuildFile section */
		F56E9C712891B1D700DA164D /* AppDelegate.swift in Sources */ = {isa = PBXBuildFile; fileRef = F56E9C702891B1D700DA164D /* AppDelegate.swift */; };
		F56E9C732891B1D700DA164D /* SceneDelegate.swift in Sources */ = {isa = PBXBuildFile; fileRef = F56E9C722891B1D700DA164D /* SceneDelegate.swift */; };
		F56E9C752891B1D700DA164D /* CityListViewController.swift in Sources */ = {isa = PBXBuildFile; fileRef = F56E9C742891B1D700DA164D /* CityListViewController.swift */; };
		F56E9C782891B1D700DA164D /* Main.storyboard in Resources */ = {isa = PBXBuildFile; fileRef = F56E9C762891B1D700DA164D /* Main.storyboard */; };
		F56E9C7B2891B1D700DA164D /* WeatherApp.xcdatamodeld in Sources */ = {isa = PBXBuildFile; fileRef = F56E9C792891B1D700DA164D /* WeatherApp.xcdatamodeld */; };
		F56E9C7D2891B1D800DA164D /* Assets.xcassets in Resources */ = {isa = PBXBuildFile; fileRef = F56E9C7C2891B1D800DA164D /* Assets.xcassets */; };
		F56E9C802891B1D800DA164D /* LaunchScreen.storyboard in Resources */ = {isa = PBXBuildFile; fileRef = F56E9C7E2891B1D800DA164D /* LaunchScreen.storyboard */; };
		F56E9C8B2891B54200DA164D /* WeatherService.framework in Frameworks */ = {isa = PBXBuildFile; fileRef = F56E9C8A2891B54200DA164D /* WeatherService.framework */; };
		F56E9C8C2891B54200DA164D /* WeatherService.framework in Embed Frameworks */ = {isa = PBXBuildFile; fileRef = F56E9C8A2891B54200DA164D /* WeatherService.framework */; settings = {ATTRIBUTES = (CodeSignOnCopy, RemoveHeadersOnCopy, ); }; };
		F5C4215B2892FB7600B36BF7 /* TableView+Extension.swift in Sources */ = {isa = PBXBuildFile; fileRef = F5C4215A2892FB7600B36BF7 /* TableView+Extension.swift */; };
		F5C4215D2892FCE700B36BF7 /* AddCityViewController.swift in Sources */ = {isa = PBXBuildFile; fileRef = F5C4215C2892FCE700B36BF7 /* AddCityViewController.swift */; };
		F5C421602892FF1900B36BF7 /* City.swift in Sources */ = {isa = PBXBuildFile; fileRef = F5C4215F2892FF1900B36BF7 /* City.swift */; };
		F5C4216F289346A900B36BF7 /* CityTableViewCell.xib in Resources */ = {isa = PBXBuildFile; fileRef = F5C4216D289346A900B36BF7 /* CityTableViewCell.xib */; };
		F5C421712893538E00B36BF7 /* DetailViewController.swift in Sources */ = {isa = PBXBuildFile; fileRef = F5C421702893538E00B36BF7 /* DetailViewController.swift */; };
		F5E844DC2893663D00CE90CC /* CityTableViewCell.swift in Sources */ = {isa = PBXBuildFile; fileRef = F5E844DB2893663D00CE90CC /* CityTableViewCell.swift */; };
/* End PBXBuildFile section */

/* Begin PBXCopyFilesBuildPhase section */
		F56E9C8D2891B54200DA164D /* Embed Frameworks */ = {
			isa = PBXCopyFilesBuildPhase;
			buildActionMask = 2147483647;
			dstPath = "";
			dstSubfolderSpec = 10;
			files = (
				F56E9C8C2891B54200DA164D /* WeatherService.framework in Embed Frameworks */,
			);
			name = "Embed Frameworks";
			runOnlyForDeploymentPostprocessing = 0;
		};
/* End PBXCopyFilesBuildPhase section */

/* Begin PBXFileReference section */
		F56E9C6D2891B1D700DA164D /* WeatherApp.app */ = {isa = PBXFileReference; explicitFileType = wrapper.application; includeInIndex = 0; path = WeatherApp.app; sourceTree = BUILT_PRODUCTS_DIR; };
		F56E9C702891B1D700DA164D /* AppDelegate.swift */ = {isa = PBXFileReference; lastKnownFileType = sourcecode.swift; path = AppDelegate.swift; sourceTree = "<group>"; };
		F56E9C722891B1D700DA164D /* SceneDelegate.swift */ = {isa = PBXFileReference; lastKnownFileType = sourcecode.swift; path = SceneDelegate.swift; sourceTree = "<group>"; };
		F56E9C742891B1D700DA164D /* CityListViewController.swift */ = {isa = PBXFileReference; lastKnownFileType = sourcecode.swift; path = CityListViewController.swift; sourceTree = "<group>"; };
		F56E9C772891B1D700DA164D /* Base */ = {isa = PBXFileReference; lastKnownFileType = file.storyboard; name = Base; path = Base.lproj/Main.storyboard; sourceTree = "<group>"; };
		F56E9C7A2891B1D700DA164D /* WeatherApp.xcdatamodel */ = {isa = PBXFileReference; lastKnownFileType = wrapper.xcdatamodel; path = WeatherApp.xcdatamodel; sourceTree = "<group>"; };
		F56E9C7C2891B1D800DA164D /* Assets.xcassets */ = {isa = PBXFileReference; lastKnownFileType = folder.assetcatalog; path = Assets.xcassets; sourceTree = "<group>"; };
		F56E9C7F2891B1D800DA164D /* Base */ = {isa = PBXFileReference; lastKnownFileType = file.storyboard; name = Base; path = Base.lproj/LaunchScreen.storyboard; sourceTree = "<group>"; };
		F56E9C812891B1D800DA164D /* Info.plist */ = {isa = PBXFileReference; lastKnownFileType = text.plist.xml; path = Info.plist; sourceTree = "<group>"; };
		F56E9C8A2891B54200DA164D /* WeatherService.framework */ = {isa = PBXFileReference; explicitFileType = wrapper.framework; path = WeatherService.framework; sourceTree = BUILT_PRODUCTS_DIR; };
		F5C4215A2892FB7600B36BF7 /* TableView+Extension.swift */ = {isa = PBXFileReference; lastKnownFileType = sourcecode.swift; path = "TableView+Extension.swift"; sourceTree = "<group>"; };
		F5C4215C2892FCE700B36BF7 /* AddCityViewController.swift */ = {isa = PBXFileReference; lastKnownFileType = sourcecode.swift; path = AddCityViewController.swift; sourceTree = "<group>"; };
		F5C4215F2892FF1900B36BF7 /* City.swift */ = {isa = PBXFileReference; lastKnownFileType = sourcecode.swift; path = City.swift; sourceTree = "<group>"; };
		F5C4216D289346A900B36BF7 /* CityTableViewCell.xib */ = {isa = PBXFileReference; lastKnownFileType = file.xib; path = CityTableViewCell.xib; sourceTree = "<group>"; };
		F5C421702893538E00B36BF7 /* DetailViewController.swift */ = {isa = PBXFileReference; lastKnownFileType = sourcecode.swift; path = DetailViewController.swift; sourceTree = "<group>"; };
		F5E844DB2893663D00CE90CC /* CityTableViewCell.swift */ = {isa = PBXFileReference; lastKnownFileType = sourcecode.swift; path = CityTableViewCell.swift; sourceTree = "<group>"; };
/* End PBXFileReference section */

/* Begin PBXFrameworksBuildPhase section */
		F56E9C6A2891B1D700DA164D /* Frameworks */ = {
			isa = PBXFrameworksBuildPhase;
			buildActionMask = 2147483647;
			files = (
				F56E9C8B2891B54200DA164D /* WeatherService.framework in Frameworks */,
			);
			runOnlyForDeploymentPostprocessing = 0;
		};
/* End PBXFrameworksBuildPhase section */

/* Begin PBXGroup section */
		F56E9C642891B1D700DA164D = {
			isa = PBXGroup;
			children = (
				F56E9C6F2891B1D700DA164D /* WeatherApp */,
				F56E9C6E2891B1D700DA164D /* Products */,
				F56E9C892891B54200DA164D /* Frameworks */,
			);
			sourceTree = "<group>";
		};
		F56E9C6E2891B1D700DA164D /* Products */ = {
			isa = PBXGroup;
			children = (
				F56E9C6D2891B1D700DA164D /* WeatherApp.app */,
			);
			name = Products;
			sourceTree = "<group>";
		};
		F56E9C6F2891B1D700DA164D /* WeatherApp */ = {
			isa = PBXGroup;
			children = (
				F56E9C702891B1D700DA164D /* AppDelegate.swift */,
				F56E9C722891B1D700DA164D /* SceneDelegate.swift */,
				F5C4215E2892FF0800B36BF7 /* Models */,
				F5C421622893179D00B36BF7 /* Views */,
				F5C421612893179100B36BF7 /* Controllers */,
				F56E9C7C2891B1D800DA164D /* Assets.xcassets */,
				F56E9C812891B1D800DA164D /* Info.plist */,
				F56E9C792891B1D700DA164D /* WeatherApp.xcdatamodeld */,
				F5C4215A2892FB7600B36BF7 /* TableView+Extension.swift */,
			);
			path = WeatherApp;
			sourceTree = "<group>";
		};
		F56E9C892891B54200DA164D /* Frameworks */ = {
			isa = PBXGroup;
			children = (
				F56E9C8A2891B54200DA164D /* WeatherService.framework */,
			);
			name = Frameworks;
			sourceTree = "<group>";
		};
		F5C4215E2892FF0800B36BF7 /* Models */ = {
			isa = PBXGroup;
			children = (
				F5C4215F2892FF1900B36BF7 /* City.swift */,
			);
			path = Models;
			sourceTree = "<group>";
		};
		F5C421612893179100B36BF7 /* Controllers */ = {
			isa = PBXGroup;
			children = (
				F56E9C742891B1D700DA164D /* CityListViewController.swift */,
				F5C4215C2892FCE700B36BF7 /* AddCityViewController.swift */,
				F5C421702893538E00B36BF7 /* DetailViewController.swift */,
				F5E844DB2893663D00CE90CC /* CityTableViewCell.swift */,
			);
			path = Controllers;
			sourceTree = "<group>";
		};
		F5C421622893179D00B36BF7 /* Views */ = {
			isa = PBXGroup;
			children = (
				F56E9C762891B1D700DA164D /* Main.storyboard */,
				F56E9C7E2891B1D800DA164D /* LaunchScreen.storyboard */,
				F5C4216D289346A900B36BF7 /* CityTableViewCell.xib */,
			);
			path = Views;
			sourceTree = "<group>";
		};
/* End PBXGroup section */

/* Begin PBXNativeTarget section */
		F56E9C6C2891B1D700DA164D /* WeatherApp */ = {
			isa = PBXNativeTarget;
			buildConfigurationList = F56E9C842891B1D800DA164D /* Build configuration list for PBXNativeTarget "WeatherApp" */;
			buildPhases = (
				F56E9C692891B1D700DA164D /* Sources */,
				F56E9C6A2891B1D700DA164D /* Frameworks */,
				F56E9C6B2891B1D700DA164D /* Resources */,
				F56E9C8D2891B54200DA164D /* Embed Frameworks */,
			);
			buildRules = (
			);
			dependencies = (
			);
			name = WeatherApp;
			productName = WeatherApp;
			productReference = F56E9C6D2891B1D700DA164D /* WeatherApp.app */;
			productType = "com.apple.product-type.application";
		};
/* End PBXNativeTarget section */

/* Begin PBXProject section */
		F56E9C652891B1D700DA164D /* Project object */ = {
			isa = PBXProject;
			attributes = {
				BuildIndependentTargetsInParallel = 1;
				LastSwiftUpdateCheck = 1340;
				LastUpgradeCheck = 1340;
				TargetAttributes = {
					F56E9C6C2891B1D700DA164D = {
						CreatedOnToolsVersion = 13.4.1;
					};
				};
			};
			buildConfigurationList = F56E9C682891B1D700DA164D /* Build configuration list for PBXProject "WeatherApp" */;
			compatibilityVersion = "Xcode 13.0";
			developmentRegion = en;
			hasScannedForEncodings = 0;
			knownRegions = (
				en,
				Base,
			);
			mainGroup = F56E9C642891B1D700DA164D;
			productRefGroup = F56E9C6E2891B1D700DA164D /* Products */;
			projectDirPath = "";
			projectRoot = "";
			targets = (
				F56E9C6C2891B1D700DA164D /* WeatherApp */,
			);
		};
/* End PBXProject section */

/* Begin PBXResourcesBuildPhase section */
		F56E9C6B2891B1D700DA164D /* Resources */ = {
			isa = PBXResourcesBuildPhase;
			buildActionMask = 2147483647;
			files = (
				F56E9C802891B1D800DA164D /* LaunchScreen.storyboard in Resources */,
				F56E9C7D2891B1D800DA164D /* Assets.xcassets in Resources */,
				F5C4216F289346A900B36BF7 /* CityTableViewCell.xib in Resources */,
				F56E9C782891B1D700DA164D /* Main.storyboard in Resources */,
			);
			runOnlyForDeploymentPostprocessing = 0;
		};
/* End PBXResourcesBuildPhase section */

/* Begin PBXSourcesBuildPhase section */
		F56E9C692891B1D700DA164D /* Sources */ = {
			isa = PBXSourcesBuildPhase;
			buildActionMask = 2147483647;
			files = (
				F5E844DC2893663D00CE90CC /* CityTableViewCell.swift in Sources */,
				F56E9C7B2891B1D700DA164D /* WeatherApp.xcdatamodeld in Sources */,
				F5C4215D2892FCE700B36BF7 /* AddCityViewController.swift in Sources */,
				F5C4215B2892FB7600B36BF7 /* TableView+Extension.swift in Sources */,
				F5C421712893538E00B36BF7 /* DetailViewController.swift in Sources */,
				F56E9C752891B1D700DA164D /* CityListViewController.swift in Sources */,
				F56E9C712891B1D700DA164D /* AppDelegate.swift in Sources */,
				F56E9C732891B1D700DA164D /* SceneDelegate.swift in Sources */,
				F5C421602892FF1900B36BF7 /* City.swift in Sources */,
			);
			runOnlyForDeploymentPostprocessing = 0;
		};
/* End PBXSourcesBuildPhase section */

/* Begin PBXVariantGroup section */
		F56E9C762891B1D700DA164D /* Main.storyboard */ = {
			isa = PBXVariantGroup;
			children = (
				F56E9C772891B1D700DA164D /* Base */,
			);
			name = Main.storyboard;
			sourceTree = "<group>";
		};
		F56E9C7E2891B1D800DA164D /* LaunchScreen.storyboard */ = {
			isa = PBXVariantGroup;
			children = (
				F56E9C7F2891B1D800DA164D /* Base */,
			);
			name = LaunchScreen.storyboard;
			sourceTree = "<group>";
		};
/* End PBXVariantGroup section */

/* Begin XCBuildConfiguration section */
		F56E9C822891B1D800DA164D /* Debug */ = {
			isa = XCBuildConfiguration;
			buildSettings = {
				ALWAYS_SEARCH_USER_PATHS = NO;
				CLANG_ANALYZER_NONNULL = YES;
				CLANG_ANALYZER_NUMBER_OBJECT_CONVERSION = YES_AGGRESSIVE;
				CLANG_CXX_LANGUAGE_STANDARD = "gnu++17";
				CLANG_ENABLE_MODULES = YES;
				CLANG_ENABLE_OBJC_ARC = YES;
				CLANG_ENABLE_OBJC_WEAK = YES;
				CLANG_WARN_BLOCK_CAPTURE_AUTORELEASING = YES;
				CLANG_WARN_BOOL_CONVERSION = YES;
				CLANG_WARN_COMMA = YES;
				CLANG_WARN_CONSTANT_CONVERSION = YES;
				CLANG_WARN_DEPRECATED_OBJC_IMPLEMENTATIONS = YES;
				CLANG_WARN_DIRECT_OBJC_ISA_USAGE = YES_ERROR;
				CLANG_WARN_DOCUMENTATION_COMMENTS = YES;
				CLANG_WARN_EMPTY_BODY = YES;
				CLANG_WARN_ENUM_CONVERSION = YES;
				CLANG_WARN_INFINITE_RECURSION = YES;
				CLANG_WARN_INT_CONVERSION = YES;
				CLANG_WARN_NON_LITERAL_NULL_CONVERSION = YES;
				CLANG_WARN_OBJC_IMPLICIT_RETAIN_SELF = YES;
				CLANG_WARN_OBJC_LITERAL_CONVERSION = YES;
				CLANG_WARN_OBJC_ROOT_CLASS = YES_ERROR;
				CLANG_WARN_QUOTED_INCLUDE_IN_FRAMEWORK_HEADER = YES;
				CLANG_WARN_RANGE_LOOP_ANALYSIS = YES;
				CLANG_WARN_STRICT_PROTOTYPES = YES;
				CLANG_WARN_SUSPICIOUS_MOVE = YES;
				CLANG_WARN_UNGUARDED_AVAILABILITY = YES_AGGRESSIVE;
				CLANG_WARN_UNREACHABLE_CODE = YES;
				CLANG_WARN__DUPLICATE_METHOD_MATCH = YES;
				COPY_PHASE_STRIP = NO;
				DEBUG_INFORMATION_FORMAT = dwarf;
				ENABLE_STRICT_OBJC_MSGSEND = YES;
				ENABLE_TESTABILITY = YES;
				GCC_C_LANGUAGE_STANDARD = gnu11;
				GCC_DYNAMIC_NO_PIC = NO;
				GCC_NO_COMMON_BLOCKS = YES;
				GCC_OPTIMIZATION_LEVEL = 0;
				GCC_PREPROCESSOR_DEFINITIONS = (
					"DEBUG=1",
					"$(inherited)",
				);
				GCC_WARN_64_TO_32_BIT_CONVERSION = YES;
				GCC_WARN_ABOUT_RETURN_TYPE = YES_ERROR;
				GCC_WARN_UNDECLARED_SELECTOR = YES;
				GCC_WARN_UNINITIALIZED_AUTOS = YES_AGGRESSIVE;
				GCC_WARN_UNUSED_FUNCTION = YES;
				GCC_WARN_UNUSED_VARIABLE = YES;
				IPHONEOS_DEPLOYMENT_TARGET = 15.5;
				MTL_ENABLE_DEBUG_INFO = INCLUDE_SOURCE;
				MTL_FAST_MATH = YES;
				ONLY_ACTIVE_ARCH = YES;
				SDKROOT = iphoneos;
				SWIFT_ACTIVE_COMPILATION_CONDITIONS = DEBUG;
				SWIFT_OPTIMIZATION_LEVEL = "-Onone";
			};
			name = Debug;
		};
		F56E9C832891B1D800DA164D /* Release */ = {
			isa = XCBuildConfiguration;
			buildSettings = {
				ALWAYS_SEARCH_USER_PATHS = NO;
				CLANG_ANALYZER_NONNULL = YES;
				CLANG_ANALYZER_NUMBER_OBJECT_CONVERSION = YES_AGGRESSIVE;
				CLANG_CXX_LANGUAGE_STANDARD = "gnu++17";
				CLANG_ENABLE_MODULES = YES;
				CLANG_ENABLE_OBJC_ARC = YES;
				CLANG_ENABLE_OBJC_WEAK = YES;
				CLANG_WARN_BLOCK_CAPTURE_AUTORELEASING = YES;
				CLANG_WARN_BOOL_CONVERSION = YES;
				CLANG_WARN_COMMA = YES;
				CLANG_WARN_CONSTANT_CONVERSION = YES;
				CLANG_WARN_DEPRECATED_OBJC_IMPLEMENTATIONS = YES;
				CLANG_WARN_DIRECT_OBJC_ISA_USAGE = YES_ERROR;
				CLANG_WARN_DOCUMENTATION_COMMENTS = YES;
				CLANG_WARN_EMPTY_BODY = YES;
				CLANG_WARN_ENUM_CONVERSION = YES;
				CLANG_WARN_INFINITE_RECURSION = YES;
				CLANG_WARN_INT_CONVERSION = YES;
				CLANG_WARN_NON_LITERAL_NULL_CONVERSION = YES;
				CLANG_WARN_OBJC_IMPLICIT_RETAIN_SELF = YES;
				CLANG_WARN_OBJC_LITERAL_CONVERSION = YES;
				CLANG_WARN_OBJC_ROOT_CLASS = YES_ERROR;
				CLANG_WARN_QUOTED_INCLUDE_IN_FRAMEWORK_HEADER = YES;
				CLANG_WARN_RANGE_LOOP_ANALYSIS = YES;
				CLANG_WARN_STRICT_PROTOTYPES = YES;
				CLANG_WARN_SUSPICIOUS_MOVE = YES;
				CLANG_WARN_UNGUARDED_AVAILABILITY = YES_AGGRESSIVE;
				CLANG_WARN_UNREACHABLE_CODE = YES;
				CLANG_WARN__DUPLICATE_METHOD_MATCH = YES;
				COPY_PHASE_STRIP = NO;
				DEBUG_INFORMATION_FORMAT = "dwarf-with-dsym";
				ENABLE_NS_ASSERTIONS = NO;
				ENABLE_STRICT_OBJC_MSGSEND = YES;
				GCC_C_LANGUAGE_STANDARD = gnu11;
				GCC_NO_COMMON_BLOCKS = YES;
				GCC_WARN_64_TO_32_BIT_CONVERSION = YES;
				GCC_WARN_ABOUT_RETURN_TYPE = YES_ERROR;
				GCC_WARN_UNDECLARED_SELECTOR = YES;
				GCC_WARN_UNINITIALIZED_AUTOS = YES_AGGRESSIVE;
				GCC_WARN_UNUSED_FUNCTION = YES;
				GCC_WARN_UNUSED_VARIABLE = YES;
				IPHONEOS_DEPLOYMENT_TARGET = 15.5;
				MTL_ENABLE_DEBUG_INFO = NO;
				MTL_FAST_MATH = YES;
				SDKROOT = iphoneos;
				SWIFT_COMPILATION_MODE = wholemodule;
				SWIFT_OPTIMIZATION_LEVEL = "-O";
				VALIDATE_PRODUCT = YES;
			};
			name = Release;
		};
		F56E9C852891B1D800DA164D /* Debug */ = {
			isa = XCBuildConfiguration;
			buildSettings = {
				ASSETCATALOG_COMPILER_APPICON_NAME = AppIcon;
				ASSETCATALOG_COMPILER_GLOBAL_ACCENT_COLOR_NAME = AccentColor;
				CODE_SIGN_STYLE = Automatic;
				CURRENT_PROJECT_VERSION = 1;
				DEVELOPMENT_TEAM = LATFQ2CT64;
				GENERATE_INFOPLIST_FILE = YES;
				INFOPLIST_FILE = WeatherApp/Info.plist;
				INFOPLIST_KEY_UIApplicationSupportsIndirectInputEvents = YES;
				INFOPLIST_KEY_UILaunchStoryboardName = LaunchScreen;
				INFOPLIST_KEY_UIMainStoryboardFile = Main;
				INFOPLIST_KEY_UISupportedInterfaceOrientations_iPad = "UIInterfaceOrientationPortrait UIInterfaceOrientationPortraitUpsideDown UIInterfaceOrientationLandscapeLeft UIInterfaceOrientationLandscapeRight";
				INFOPLIST_KEY_UISupportedInterfaceOrientations_iPhone = "UIInterfaceOrientationPortrait UIInterfaceOrientationLandscapeLeft UIInterfaceOrientationLandscapeRight";
				LD_RUNPATH_SEARCH_PATHS = (
					"$(inherited)",
					"@executable_path/Frameworks",
				);
				MARKETING_VERSION = 1.0;
				PRODUCT_BUNDLE_IDENTIFIER = com.tarek.WeatherApp;
				PRODUCT_NAME = "$(TARGET_NAME)";
				SWIFT_EMIT_LOC_STRINGS = YES;
				SWIFT_VERSION = 5.0;
				TARGETED_DEVICE_FAMILY = "1,2";
			};
			name = Debug;
		};
		F56E9C862891B1D800DA164D /* Release */ = {
			isa = XCBuildConfiguration;
			buildSettings = {
				ASSETCATALOG_COMPILER_APPICON_NAME = AppIcon;
				ASSETCATALOG_COMPILER_GLOBAL_ACCENT_COLOR_NAME = AccentColor;
				CODE_SIGN_STYLE = Automatic;
				CURRENT_PROJECT_VERSION = 1;
				DEVELOPMENT_TEAM = LATFQ2CT64;
				GENERATE_INFOPLIST_FILE = YES;
				INFOPLIST_FILE = WeatherApp/Info.plist;
				INFOPLIST_KEY_UIApplicationSupportsIndirectInputEvents = YES;
				INFOPLIST_KEY_UILaunchStoryboardName = LaunchScreen;
				INFOPLIST_KEY_UIMainStoryboardFile = Main;
				INFOPLIST_KEY_UISupportedInterfaceOrientations_iPad = "UIInterfaceOrientationPortrait UIInterfaceOrientationPortraitUpsideDown UIInterfaceOrientationLandscapeLeft UIInterfaceOrientationLandscapeRight";
				INFOPLIST_KEY_UISupportedInterfaceOrientations_iPhone = "UIInterfaceOrientationPortrait UIInterfaceOrientationLandscapeLeft UIInterfaceOrientationLandscapeRight";
				LD_RUNPATH_SEARCH_PATHS = (
					"$(inherited)",
					"@executable_path/Frameworks",
				);
				MARKETING_VERSION = 1.0;
				PRODUCT_BUNDLE_IDENTIFIER = com.tarek.WeatherApp;
				PRODUCT_NAME = "$(TARGET_NAME)";
				SWIFT_EMIT_LOC_STRINGS = YES;
				SWIFT_VERSION = 5.0;
				TARGETED_DEVICE_FAMILY = "1,2";
			};
			name = Release;
		};
/* End XCBuildConfiguration section */

/* Begin XCConfigurationList section */
		F56E9C682891B1D700DA164D /* Build configuration list for PBXProject "WeatherApp" */ = {
			isa = XCConfigurationList;
			buildConfigurations = (
				F56E9C822891B1D800DA164D /* Debug */,
				F56E9C832891B1D800DA164D /* Release */,
			);
			defaultConfigurationIsVisible = 0;
			defaultConfigurationName = Release;
		};
		F56E9C842891B1D800DA164D /* Build configuration list for PBXNativeTarget "WeatherApp" */ = {
			isa = XCConfigurationList;
			buildConfigurations = (
				F56E9C852891B1D800DA164D /* Debug */,
				F56E9C862891B1D800DA164D /* Release */,
			);
			defaultConfigurationIsVisible = 0;
			defaultConfigurationName = Release;
		};
/* End XCConfigurationList section */

/* Begin XCVersionGroup section */
		F56E9C792891B1D700DA164D /* WeatherApp.xcdatamodeld */ = {
			isa = XCVersionGroup;
			children = (
				F56E9C7A2891B1D700DA164D /* WeatherApp.xcdatamodel */,
			);
			currentVersion = F56E9C7A2891B1D700DA164D /* WeatherApp.xcdatamodel */;
			path = WeatherApp.xcdatamodeld;
			sourceTree = "<group>";
			versionGroupType = wrapper.xcdatamodel;
		};
/* End XCVersionGroup section */
	};
	rootObject = F56E9C652891B1D700DA164D /* Project object */;
}
